
Microsoft Visual Studio Solution File, Format Version 12.00
# Visual Studio 15
VisualStudioVersion = 15.0.28307.329
MinimumVisualStudioVersion = 10.0.40219.1
Project("{FAE04EC0-301F-11D3-BF4B-00C04F79EFBC}") = "JXDevPlanner.WebMVC", "JXDevPlanner.WebMVC\JXDevPlanner.WebMVC.csproj", "{EF7E1DF9-242E-499B-BBE0-83C8D59DB3D4}"
EndProject
Project("{FAE04EC0-301F-11D3-BF4B-00C04F79EFBC}") = "JXDevPlanner.Data", "JXDevPlanner.Data\JXDevPlanner.Data.csproj", "{B4D0DA30-1BB8-4F86-97E6-705CDC937AE4}"
EndProject
Project("{FAE04EC0-301F-11D3-BF4B-00C04F79EFBC}") = "JXDevPlanner.Services", "JXDevPlanner.Services\JXDevPlanner.Services.csproj", "{905FCCC5-0B50-41DC-ABB5-E16B1F810AE6}"
EndProject
Project("{FAE04EC0-301F-11D3-BF4B-00C04F79EFBC}") = "JXDevPlanner.Models", "JXDevPlanner.Models\JXDevPlanner.Models.csproj", "{78C218B5-8F28-4B1B-AF19-4E4C82F680E4}"
EndProject
Project("{FAE04EC0-301F-11D3-BF4B-00C04F79EFBC}") = "JXDevPlanner.Contracts", "JXDevPlanner.Contracts\JXDevPlanner.Contracts.csproj", "{F3A34CA9-841E-482A-B8C6-43C90B9335B4}"
EndProject
Project("{FAE04EC0-301F-11D3-BF4B-00C04F79EFBC}") = "JXDevPlanner.Console", "JXDevPlanner.Console\JXDevPlanner.Console.csproj", "{EDDBC2E7-1DFD-4C87-A4B5-E46F5F850016}"
EndProject
Project("{FAE04EC0-301F-11D3-BF4B-00C04F79EFBC}") = "JXDevPlanner.Storage", "JXDevPlanner.Storage\JXDevPlanner.Storage.csproj", "{640DF68D-8CE1-45E6-B411-9E9E01E209C5}"
EndProject
Global
	GlobalSection(SolutionConfigurationPlatforms) = preSolution
		Debug|Any CPU = Debug|Any CPU
		Release|Any CPU = Release|Any CPU
	EndGlobalSection
	GlobalSection(ProjectConfigurationPlatforms) = postSolution
		{EF7E1DF9-242E-499B-BBE0-83C8D59DB3D4}.Debug|Any CPU.ActiveCfg = Debug|Any CPU
		{EF7E1DF9-242E-499B-BBE0-83C8D59DB3D4}.Debug|Any CPU.Build.0 = Debug|Any CPU
		{EF7E1DF9-242E-499B-BBE0-83C8D59DB3D4}.Release|Any CPU.ActiveCfg = Release|Any CPU
		{EF7E1DF9-242E-499B-BBE0-83C8D59DB3D4}.Release|Any CPU.Build.0 = Release|Any CPU
		{B4D0DA30-1BB8-4F86-97E6-705CDC937AE4}.Debug|Any CPU.ActiveCfg = Debug|Any CPU
		{B4D0DA30-1BB8-4F86-97E6-705CDC937AE4}.Debug|Any CPU.Build.0 = Debug|Any CPU
		{B4D0DA30-1BB8-4F86-97E6-705CDC937AE4}.Release|Any CPU.ActiveCfg = Release|Any CPU
		{B4D0DA30-1BB8-4F86-97E6-705CDC937AE4}.Release|Any CPU.Build.0 = Release|Any CPU
		{905FCCC5-0B50-41DC-ABB5-E16B1F810AE6}.Debug|Any CPU.ActiveCfg = Debug|Any CPU
		{905FCCC5-0B50-41DC-ABB5-E16B1F810AE6}.Debug|Any CPU.Build.0 = Debug|Any CPU
		{905FCCC5-0B50-41DC-ABB5-E16B1F810AE6}.Release|Any CPU.ActiveCfg = Release|Any CPU
		{905FCCC5-0B50-41DC-ABB5-E16B1F810AE6}.Release|Any CPU.Build.0 = Release|Any CPU
		{78C218B5-8F28-4B1B-AF19-4E4C82F680E4}.Debug|Any CPU.ActiveCfg = Debug|Any CPU
		{78C218B5-8F28-4B1B-AF19-4E4C82F680E4}.Debug|Any CPU.Build.0 = Debug|Any CPU
		{78C218B5-8F28-4B1B-AF19-4E4C82F680E4}.Release|Any CPU.ActiveCfg = Release|Any CPU
		{78C218B5-8F28-4B1B-AF19-4E4C82F680E4}.Release|Any CPU.Build.0 = Release|Any CPU
		{F3A34CA9-841E-482A-B8C6-43C90B9335B4}.Debug|Any CPU.ActiveCfg = Debug|Any CPU
		{F3A34CA9-841E-482A-B8C6-43C90B9335B4}.Debug|Any CPU.Build.0 = Debug|Any CPU
		{F3A34CA9-841E-482A-B8C6-43C90B9335B4}.Release|Any CPU.ActiveCfg = Release|Any CPU
		{F3A34CA9-841E-482A-B8C6-43C90B9335B4}.Release|Any CPU.Build.0 = Release|Any CPU
		{EDDBC2E7-1DFD-4C87-A4B5-E46F5F850016}.Debug|Any CPU.ActiveCfg = Debug|Any CPU
		{EDDBC2E7-1DFD-4C87-A4B5-E46F5F850016}.Debug|Any CPU.Build.0 = Debug|Any CPU
		{EDDBC2E7-1DFD-4C87-A4B5-E46F5F850016}.Release|Any CPU.ActiveCfg = Release|Any CPU
		{EDDBC2E7-1DFD-4C87-A4B5-E46F5F850016}.Release|Any CPU.Build.0 = Release|Any CPU
		{640DF68D-8CE1-45E6-B411-9E9E01E209C5}.Debug|Any CPU.ActiveCfg = Debug|Any CPU
		{640DF68D-8CE1-45E6-B411-9E9E01E209C5}.Debug|Any CPU.Build.0 = Debug|Any CPU
		{640DF68D-8CE1-45E6-B411-9E9E01E209C5}.Release|Any CPU.ActiveCfg = Release|Any CPU
		{640DF68D-8CE1-45E6-B411-9E9E01E209C5}.Release|Any CPU.Build.0 = Release|Any CPU
	EndGlobalSection
	GlobalSection(SolutionProperties) = preSolution
		HideSolutionNode = FALSE
	EndGlobalSection
	GlobalSection(ExtensibilityGlobals) = postSolution
		SolutionGuid = {FC59EB2E-A7FD-42B1-8FF8-158341435EC8}
	EndGlobalSection
EndGlobal
